
Microsoft Visual Studio Solution File, Format Version 12.00
# Visual Studio Version 17
VisualStudioVersion = 17.8.34511.84
MinimumVisualStudioVersion = 10.0.40219.1
Project("{FAE04EC0-301F-11D3-BF4B-00C04F79EFBC}") = "Q3DotNetAssiut", "Q3DotNetAssiut\Q3DotNetAssiut.csproj", "{771CA076-7A8D-470C-A41A-5EBC3B0A9F02}"
EndProject
Global
	GlobalSection(SolutionConfigurationPlatforms) = preSolution
		Debug|Any CPU = Debug|Any CPU
		Release|Any CPU = Release|Any CPU
	EndGlobalSection
	GlobalSection(ProjectConfigurationPlatforms) = postSolution
		{771CA076-7A8D-470C-A41A-5EBC3B0A9F02}.Debug|Any CPU.ActiveCfg = Debug|Any CPU
		{771CA076-7A8D-470C-A41A-5EBC3B0A9F02}.Debug|Any CPU.Build.0 = Debug|Any CPU
		{771CA076-7A8D-470C-A41A-5EBC3B0A9F02}.Release|Any CPU.ActiveCfg = Release|Any CPU
		{771CA076-7A8D-470C-A41A-5EBC3B0A9F02}.Release|Any CPU.Build.0 = Release|Any CPU
	EndGlobalSection
	GlobalSection(SolutionProperties) = preSolution
		HideSolutionNode = FALSE
	EndGlobalSection
	GlobalSection(ExtensibilityGlobals) = postSolution
		SolutionGuid = {E5C0CF7F-5993-4609-8AF1-EA2A95DC97FA}
	EndGlobalSection
EndGlobal
